
Microsoft Visual Studio Solution File, Format Version 12.00
# Visual Studio 15
VisualStudioVersion = 15.0.28307.757
MinimumVisualStudioVersion = 10.0.40219.1
Project("{9A19103F-16F7-4668-BE54-9A1E7A4F7556}") = "ShotTrackService", "ShotTrackService.csproj", "{BB7B28FC-40A6-4BE7-90CE-B405A1C6553E}"
EndProject
Global
	GlobalSection(SolutionConfigurationPlatforms) = preSolution
		Debug|Any CPU = Debug|Any CPU
		Debug|x86 = Debug|x86
		Release|Any CPU = Release|Any CPU
		Release|x86 = Release|x86
	EndGlobalSection
	GlobalSection(ProjectConfigurationPlatforms) = postSolution
		{BB7B28FC-40A6-4BE7-90CE-B405A1C6553E}.Debug|Any CPU.ActiveCfg = Debug|Any CPU
		{BB7B28FC-40A6-4BE7-90CE-B405A1C6553E}.Debug|Any CPU.Build.0 = Debug|Any CPU
		{BB7B28FC-40A6-4BE7-90CE-B405A1C6553E}.Debug|x86.ActiveCfg = Debug|x86
		{BB7B28FC-40A6-4BE7-90CE-B405A1C6553E}.Debug|x86.Build.0 = Debug|x86
		{BB7B28FC-40A6-4BE7-90CE-B405A1C6553E}.Release|Any CPU.ActiveCfg = Release|Any CPU
		{BB7B28FC-40A6-4BE7-90CE-B405A1C6553E}.Release|Any CPU.Build.0 = Release|Any CPU
		{BB7B28FC-40A6-4BE7-90CE-B405A1C6553E}.Release|x86.ActiveCfg = Release|x86
		{BB7B28FC-40A6-4BE7-90CE-B405A1C6553E}.Release|x86.Build.0 = Release|x86
	EndGlobalSection
	GlobalSection(SolutionProperties) = preSolution
		HideSolutionNode = FALSE
	EndGlobalSection
	GlobalSection(ExtensibilityGlobals) = postSolution
		SolutionGuid = {AEF9AABF-552C-4B7F-B538-6695A5BE512E}
	EndGlobalSection
EndGlobal
